{
  "name": "leetcode",
  "lockfileVersion": 3,
  "requires": true,
  "packages": {
    "": {
      "dependencies": {
        "@datastructures-js/priority-queue": "github:datastructures-js/priority-queue"
      }
    },
    "node_modules/@datastructures-js/heap": {
      "version": "4.3.1",
      "resolved": "https://registry.npmjs.org/@datastructures-js/heap/-/heap-4.3.1.tgz",
      "integrity": "sha512-au4fYa4fprREES58FnMOTFjg8lCYpSenF5tBu8C/iweMaj02rAOZUqlLUCqR3HIWzNfgTeCmAiyRHdjJVHrsIQ=="
    },
    "node_modules/@datastructures-js/priority-queue": {
      "version": "6.2.0",
      "resolved": "git+ssh://git@github.com/datastructures-js/priority-queue.git#250f302574c6b0ae24283996aa167c20b76b6ad7",
      "license": "MIT",
      "dependencies": {
        "@datastructures-js/heap": "^4.3.1"
      }
    }
  }
}
